
Microsoft Visual Studio Solution File, Format Version 12.00
# Visual Studio Version 17
VisualStudioVersion = 17.0.31903.59
MinimumVisualStudioVersion = 10.0.40219.1
Project("{FAE04EC0-301F-11D3-BF4B-00C04F79EFBC}") = "DataCompression", "DataCompression\DataCompression.csproj", "{44B7D4FB-8B99-4F06-A26E-581CEAAEB2BF}"
EndProject
Global
	GlobalSection(SolutionConfigurationPlatforms) = preSolution
		Debug|Any CPU = Debug|Any CPU
		Release|Any CPU = Release|Any CPU
	EndGlobalSection
	GlobalSection(SolutionProperties) = preSolution
		HideSolutionNode = FALSE
	EndGlobalSection
	GlobalSection(ProjectConfigurationPlatforms) = postSolution
		{44B7D4FB-8B99-4F06-A26E-581CEAAEB2BF}.Debug|Any CPU.ActiveCfg = Debug|Any CPU
		{44B7D4FB-8B99-4F06-A26E-581CEAAEB2BF}.Debug|Any CPU.Build.0 = Debug|Any CPU
		{44B7D4FB-8B99-4F06-A26E-581CEAAEB2BF}.Release|Any CPU.ActiveCfg = Release|Any CPU
		{44B7D4FB-8B99-4F06-A26E-581CEAAEB2BF}.Release|Any CPU.Build.0 = Release|Any CPU
	EndGlobalSection
EndGlobal
